
Microsoft Visual Studio Solution File, Format Version 12.00
# Visual Studio 15
Project("{FAE04EC0-301F-11D3-BF4B-00C04F79EFBC}") = "LoganFrank_HW2.iOS", "LoganFrank_HW2.iOS\LoganFrank_HW2.iOS.csproj", "{3F14169C-C240-41E5-B88F-9D7DCC5ACED1}"
EndProject
Project("{FAE04EC0-301F-11D3-BF4B-00C04F79EFBC}") = "LoganFrank_HW2", "LoganFrank_HW2\LoganFrank_HW2.csproj", "{79385043-3A35-42CE-97B2-B484D99A1EDE}"
EndProject
Global
	GlobalSection(SolutionConfigurationPlatforms) = preSolution
		Debug|iPhoneSimulator = Debug|iPhoneSimulator
		Release|iPhoneSimulator = Release|iPhoneSimulator
		Debug|iPhone = Debug|iPhone
		Release|iPhone = Release|iPhone
		Ad-Hoc|iPhone = Ad-Hoc|iPhone
		AppStore|iPhone = AppStore|iPhone
		Debug|Any CPU = Debug|Any CPU
		Release|Any CPU = Release|Any CPU
	EndGlobalSection
	GlobalSection(ProjectConfigurationPlatforms) = postSolution
		{3F14169C-C240-41E5-B88F-9D7DCC5ACED1}.Debug|iPhoneSimulator.ActiveCfg = Debug|iPhoneSimulator
		{3F14169C-C240-41E5-B88F-9D7DCC5ACED1}.Debug|iPhoneSimulator.Build.0 = Debug|iPhoneSimulator
		{3F14169C-C240-41E5-B88F-9D7DCC5ACED1}.Release|iPhoneSimulator.ActiveCfg = Release|iPhoneSimulator
		{3F14169C-C240-41E5-B88F-9D7DCC5ACED1}.Release|iPhoneSimulator.Build.0 = Release|iPhoneSimulator
		{3F14169C-C240-41E5-B88F-9D7DCC5ACED1}.Debug|iPhone.ActiveCfg = Debug|iPhone
		{3F14169C-C240-41E5-B88F-9D7DCC5ACED1}.Debug|iPhone.Build.0 = Debug|iPhone
		{3F14169C-C240-41E5-B88F-9D7DCC5ACED1}.Release|iPhone.ActiveCfg = Release|iPhone
		{3F14169C-C240-41E5-B88F-9D7DCC5ACED1}.Release|iPhone.Build.0 = Release|iPhone
		{3F14169C-C240-41E5-B88F-9D7DCC5ACED1}.Ad-Hoc|iPhone.ActiveCfg = Ad-Hoc|iPhone
		{3F14169C-C240-41E5-B88F-9D7DCC5ACED1}.Ad-Hoc|iPhone.Build.0 = Ad-Hoc|iPhone
		{3F14169C-C240-41E5-B88F-9D7DCC5ACED1}.AppStore|iPhone.ActiveCfg = AppStore|iPhone
		{3F14169C-C240-41E5-B88F-9D7DCC5ACED1}.AppStore|iPhone.Build.0 = AppStore|iPhone
		{3F14169C-C240-41E5-B88F-9D7DCC5ACED1}.Debug|Any CPU.ActiveCfg = Debug|iPhoneSimulator
		{3F14169C-C240-41E5-B88F-9D7DCC5ACED1}.Debug|Any CPU.Build.0 = Debug|iPhoneSimulator
		{3F14169C-C240-41E5-B88F-9D7DCC5ACED1}.Release|Any CPU.ActiveCfg = Release|iPhoneSimulator
		{3F14169C-C240-41E5-B88F-9D7DCC5ACED1}.Release|Any CPU.Build.0 = Release|iPhoneSimulator
		{79385043-3A35-42CE-97B2-B484D99A1EDE}.Debug|iPhoneSimulator.ActiveCfg = Debug|Any CPU
		{79385043-3A35-42CE-97B2-B484D99A1EDE}.Debug|iPhoneSimulator.Build.0 = Debug|Any CPU
		{79385043-3A35-42CE-97B2-B484D99A1EDE}.Release|iPhoneSimulator.ActiveCfg = Release|Any CPU
		{79385043-3A35-42CE-97B2-B484D99A1EDE}.Release|iPhoneSimulator.Build.0 = Release|Any CPU
		{79385043-3A35-42CE-97B2-B484D99A1EDE}.Debug|iPhone.ActiveCfg = Debug|Any CPU
		{79385043-3A35-42CE-97B2-B484D99A1EDE}.Debug|iPhone.Build.0 = Debug|Any CPU
		{79385043-3A35-42CE-97B2-B484D99A1EDE}.Release|iPhone.ActiveCfg = Release|Any CPU
		{79385043-3A35-42CE-97B2-B484D99A1EDE}.Release|iPhone.Build.0 = Release|Any CPU
		{79385043-3A35-42CE-97B2-B484D99A1EDE}.Ad-Hoc|iPhone.ActiveCfg = Release|Any CPU
		{79385043-3A35-42CE-97B2-B484D99A1EDE}.Ad-Hoc|iPhone.Build.0 = Release|Any CPU
		{79385043-3A35-42CE-97B2-B484D99A1EDE}.AppStore|iPhone.ActiveCfg = Release|Any CPU
		{79385043-3A35-42CE-97B2-B484D99A1EDE}.AppStore|iPhone.Build.0 = Release|Any CPU
		{79385043-3A35-42CE-97B2-B484D99A1EDE}.Debug|Any CPU.ActiveCfg = Debug|Any CPU
		{79385043-3A35-42CE-97B2-B484D99A1EDE}.Debug|Any CPU.Build.0 = Debug|Any CPU
		{79385043-3A35-42CE-97B2-B484D99A1EDE}.Release|Any CPU.ActiveCfg = Release|Any CPU
		{79385043-3A35-42CE-97B2-B484D99A1EDE}.Release|Any CPU.Build.0 = Release|Any CPU
	EndGlobalSection
EndGlobal
